
Microsoft Visual Studio Solution File, Format Version 12.00
# Visual Studio Version 17
VisualStudioVersion = 17.9.34714.143
MinimumVisualStudioVersion = 10.0.40219.1
Project("{FAE04EC0-301F-11D3-BF4B-00C04F79EFBC}") = "BIBLORDO", "BIBLORDO\BIBLORDO.csproj", "{E7E304EA-6138-44C6-B477-2D6932287226}"
EndProject
Global
	GlobalSection(SolutionConfigurationPlatforms) = preSolution
		Debug|Any CPU = Debug|Any CPU
		Release|Any CPU = Release|Any CPU
	EndGlobalSection
	GlobalSection(ProjectConfigurationPlatforms) = postSolution
		{E7E304EA-6138-44C6-B477-2D6932287226}.Debug|Any CPU.ActiveCfg = Debug|Any CPU
		{E7E304EA-6138-44C6-B477-2D6932287226}.Debug|Any CPU.Build.0 = Debug|Any CPU
		{E7E304EA-6138-44C6-B477-2D6932287226}.Release|Any CPU.ActiveCfg = Release|Any CPU
		{E7E304EA-6138-44C6-B477-2D6932287226}.Release|Any CPU.Build.0 = Release|Any CPU
	EndGlobalSection
	GlobalSection(SolutionProperties) = preSolution
		HideSolutionNode = FALSE
	EndGlobalSection
	GlobalSection(ExtensibilityGlobals) = postSolution
		SolutionGuid = {A161F39C-D9B9-4BF6-80D2-5827BE4DD2ED}
	EndGlobalSection
EndGlobal
